
Microsoft Visual Studio Solution File, Format Version 12.00
# Visual Studio Version 17
VisualStudioVersion = 17.11.35327.3
MinimumVisualStudioVersion = 10.0.40219.1
Project("{FAE04EC0-301F-11D3-BF4B-00C04F79EFBC}") = "Jogo da Velha3", "Jogo da Velha3\Jogo da Velha3.csproj", "{8525C146-A7C3-4B6C-B5D1-008D2A3C1A59}"
EndProject
Global
	GlobalSection(SolutionConfigurationPlatforms) = preSolution
		Debug|Any CPU = Debug|Any CPU
		Release|Any CPU = Release|Any CPU
	EndGlobalSection
	GlobalSection(ProjectConfigurationPlatforms) = postSolution
		{8525C146-A7C3-4B6C-B5D1-008D2A3C1A59}.Debug|Any CPU.ActiveCfg = Debug|Any CPU
		{8525C146-A7C3-4B6C-B5D1-008D2A3C1A59}.Debug|Any CPU.Build.0 = Debug|Any CPU
		{8525C146-A7C3-4B6C-B5D1-008D2A3C1A59}.Release|Any CPU.ActiveCfg = Release|Any CPU
		{8525C146-A7C3-4B6C-B5D1-008D2A3C1A59}.Release|Any CPU.Build.0 = Release|Any CPU
	EndGlobalSection
	GlobalSection(SolutionProperties) = preSolution
		HideSolutionNode = FALSE
	EndGlobalSection
	GlobalSection(ExtensibilityGlobals) = postSolution
		SolutionGuid = {C22D1FA3-4A46-4492-987A-4BE1871F446D}
	EndGlobalSection
EndGlobal
